
Microsoft Visual Studio Solution File, Format Version 12.00
# Visual Studio Version 17
VisualStudioVersion = 17.11.35219.272
MinimumVisualStudioVersion = 10.0.40219.1
Project("{FAE04EC0-301F-11D3-BF4B-00C04F79EFBC}") = "DauTay", "DauTay\DauTay.csproj", "{8A7B3DE3-FFD8-4B6A-B8B6-B33839680EAF}"
EndProject
Global
	GlobalSection(SolutionConfigurationPlatforms) = preSolution
		Debug|Any CPU = Debug|Any CPU
		Release|Any CPU = Release|Any CPU
	EndGlobalSection
	GlobalSection(ProjectConfigurationPlatforms) = postSolution
		{8A7B3DE3-FFD8-4B6A-B8B6-B33839680EAF}.Debug|Any CPU.ActiveCfg = Debug|Any CPU
		{8A7B3DE3-FFD8-4B6A-B8B6-B33839680EAF}.Debug|Any CPU.Build.0 = Debug|Any CPU
		{8A7B3DE3-FFD8-4B6A-B8B6-B33839680EAF}.Release|Any CPU.ActiveCfg = Release|Any CPU
		{8A7B3DE3-FFD8-4B6A-B8B6-B33839680EAF}.Release|Any CPU.Build.0 = Release|Any CPU
	EndGlobalSection
	GlobalSection(SolutionProperties) = preSolution
		HideSolutionNode = FALSE
	EndGlobalSection
	GlobalSection(ExtensibilityGlobals) = postSolution
		SolutionGuid = {A6796FEE-D9D1-4690-B623-4AD5D9A371D1}
	EndGlobalSection
EndGlobal
